
Microsoft Visual Studio Solution File, Format Version 12.00
# Visual Studio 15
VisualStudioVersion = 15.0.28307.168
MinimumVisualStudioVersion = 10.0.40219.1
Project("{888888A0-9F3D-457C-B088-3A5042F75D52}") = "PYML DAY3", "PYML DAY3\PYML DAY3.pyproj", "{844A370A-1EC7-475B-A86B-3BB19EC0338E}"
EndProject
Global
	GlobalSection(SolutionConfigurationPlatforms) = preSolution
		Debug|Any CPU = Debug|Any CPU
		Release|Any CPU = Release|Any CPU
	EndGlobalSection
	GlobalSection(ProjectConfigurationPlatforms) = postSolution
		{844A370A-1EC7-475B-A86B-3BB19EC0338E}.Debug|Any CPU.ActiveCfg = Debug|Any CPU
		{844A370A-1EC7-475B-A86B-3BB19EC0338E}.Release|Any CPU.ActiveCfg = Release|Any CPU
	EndGlobalSection
	GlobalSection(SolutionProperties) = preSolution
		HideSolutionNode = FALSE
	EndGlobalSection
	GlobalSection(ExtensibilityGlobals) = postSolution
		SolutionGuid = {E1CE8626-DFB9-4A3E-832F-D55B848AB2F0}
	EndGlobalSection
EndGlobal
